{
    "_meta": {
        "hash": {
            "sha256": "371df83bcea593125edb4ae9baf2807f7aee10e7fd9d59210f63a8f959d50fe8"
        },
        "requires": {},
        "sources": [
            {
                "url": "https://pypi.python.org/simple",
                "verify_ssl": true
            }
        ]
    },
    "default": {
        "beautifulsoup4": {
            "version": "==4.6.0"
        },
        "certifi": {
            "version": "==2017.4.17"
        },
        "chardet": {
            "version": "==3.0.4"
        },
        "django": {
            "version": "==1.11.2"
        },
        "django-modelcluster": {
            "version": "==3.1"
        },
        "django-taggit": {
            "version": "==0.22.1"
        },
        "django-treebeard": {
            "version": "==4.1.1"
        },
        "djangorestframework": {
            "version": "==3.6.3"
        },
        "html5lib": {
            "version": "==0.999999999"
        },
        "idna": {
            "version": "==2.5"
        },
        "olefile": {
            "version": "==0.44"
        },
        "pillow": {
            "version": "==4.1.1"
        },
        "pytz": {
            "version": "==2017.2"
        },
        "requests": {
            "version": "==2.18.1"
        },
        "setuptools": {
            "version": "==36.0.1"
        },
        "six": {
            "version": "==1.10.0"
        },
        "unidecode": {
            "version": "==0.04.20"
        },
        "urllib3": {
            "version": "==1.21.1"
        },
        "wagtail": {
            "version": "==1.10.1"
        },
        "webencodings": {
            "version": "==0.5.1"
        },
        "willow": {
            "version": "==0.4"
        }
    },
    "develop": {
        "coverage": {
            "version": "==4.4.1"
        },
        "django": {
            "version": "==1.11.2"
        },
        "django-debug-toolbar": {
            "version": "==1.8"
        },
        "flake8": {
            "version": "==3.3.0"
        },
        "isort": {
            "version": "==4.2.15"
        },
        "mccabe": {
            "version": "==0.6.1"
        },
        "mock": {
            "version": "==2.0.0"
        },
        "pbr": {
            "version": "==3.0.1"
        },
        "pluggy": {
            "version": "==0.4.0"
        },
        "py": {
            "version": "==1.4.34"
        },
        "pycodestyle": {
            "version": "==2.3.1"
        },
        "pyflakes": {
            "version": "==1.5.0"
        },
        "pytest": {
            "version": "==3.1.2"
        },
        "pytest-cov": {
            "version": "==2.5.1"
        },
        "pytest-django": {
            "version": "==3.1.2"
        },
        "pytest-pythonpath": {
            "version": "==0.7.1"
        },
        "pytest-spec": {
            "version": "==1.1.0"
        },
        "pytest-sugar": {
            "version": "==0.8.0"
        },
        "pytz": {
            "version": "==2017.2"
        },
        "setuptools": {
            "version": "==36.0.1"
        },
        "six": {
            "version": "==1.10.0"
        },
        "sqlparse": {
            "version": "==0.2.3"
        },
        "termcolor": {
            "version": "==1.1.0"
        },
        "tox": {
            "version": "==2.7.0"
        },
        "virtualenv": {
            "version": "==15.1.0"
        }
    }
}
