{
    "_meta": {
        "hash": {
            "sha256": "263680b0fa9fbfd91f8abb202e9c3b466b83bc52c0c11a6d5253bf68759764f5"
        },
        "requires": {},
        "sources": [
            {
                "url": "https://pypi.python.org/simple",
                "verify_ssl": true
            }
        ]
    },
    "default": {
        "appdirs": {
            "hash": "sha256:d8b24664561d0d34ddfaec54636d502d7cea6e29c3eaf68f3df6180863e2166e",
            "version": "==1.4.3"
        },
        "beautifulsoup4": {
            "hash": "sha256:0a91347d5a4ab2196407ff4d3d758f2e712cae9bdfa3fd1eb0f83edea95e0d8d",
            "version": "==4.5.3"
        },
        "django": {
            "hash": "sha256:0120b3b60760fb0617848b58aaa9702c0bf963320ed472f0879c5c55ab75b64a",
            "version": "==1.11"
        },
        "django-modelcluster": {
            "hash": "sha256:9edde7fb87b413c1114df47f928e95fbd6878de17f9f2caeea90e77766e272b5",
            "version": "==3.1"
        },
        "django-taggit": {
            "hash": "sha256:969a68dc244fd3051589b6b917e26777cdf186f95dd51bf2f023f5446e2ca89e",
            "version": "==0.22.1"
        },
        "django-treebeard": {
            "hash": "sha256:f13c9a612a554ee0784632961904870efcf05f58282cd158da84ee88120fbafb",
            "version": "==4.1.0"
        },
        "djangorestframework": {
            "hash": "sha256:3dc4bb6377dd1d58d8e2adc908d4f2e3bca5d8d0fb8323c49f57c8c8d407f6ec",
            "version": "==3.6.2"
        },
        "html5lib": {
            "hash": "sha256:b8934484cf22f1db684c0fae27569a0db404d0208d20163fbf51cc537245d008",
            "version": "==0.999999999"
        },
        "olefile": {
            "hash": "sha256:61f2ca0cd0aa77279eb943c07f607438edf374096b66332fae1ee64a6f0f73ad",
            "version": "==0.44"
        },
        "packaging": {
            "hash": "sha256:99276dc6e3a7851f32027a68f1095cd3f77c148091b092ea867a351811cfe388",
            "version": "==16.8"
        },
        "pillow": {
            "hash": "sha256:f4fb801bfd2bcbfc4a7f2819c95ea6a1cfef197420ae9849b01b08b9970a51b3",
            "version": "==4.1.1"
        },
        "pyparsing": {
            "hash": "sha256:fee43f17a9c4087e7ed1605bd6df994c6173c1e977d7ade7b651292fab2bd010",
            "version": "==2.2.0"
        },
        "pytz": {
            "hash": "sha256:d1d6729c85acea5423671382868627129432fba9a89ecbb248d8d1c7a9f01c67",
            "version": "==2017.2"
        },
        "requests": {
            "hash": "sha256:1a720e8862a41aa22e339373b526f508ef0c8988baf48b84d3fc891a8e237efb",
            "version": "==2.13.0"
        },
        "setuptools": {
            "hash": "sha256:19d753940f8cdbee7548da318f8b56159aead279ef811a6efc8b8a33d89c86a4",
            "version": "==35.0.2"
        },
        "six": {
            "hash": "sha256:0ff78c403d9bccf5a425a6d31a12aa6b47f1c21ca4dc2573a7e2f32a97335eb1",
            "version": "==1.10.0"
        },
        "unidecode": {
            "hash": "sha256:eedac7bfd886f43484787206f6a141b232e2b2a58652c54d06499b187fd84660",
            "version": "==0.04.20"
        },
        "wagtail": {
            "hash": "sha256:2b51c74bb3fe3ef71bf9a4a303255b9ab851689151418593ebbd5631caa8ecd6",
            "version": "==1.9"
        },
        "webencodings": {
            "hash": "sha256:a0af1213f3c2226497a97e2b3aa01a7e4bee4f403f95be16fc9acd2947514a78",
            "version": "==0.5.1"
        },
        "willow": {
            "hash": "sha256:b86334bc1939bf6b3c33bbfe141d61600ed4e6880ac86408431400cd7cc7ba3f",
            "version": "==0.4"
        }
    },
    "develop": {
        "appdirs": {
            "hash": "sha256:d8b24664561d0d34ddfaec54636d502d7cea6e29c3eaf68f3df6180863e2166e",
            "version": "==1.4.3"
        },
        "coverage": {
            "hash": "sha256:8b282292973a1dc4eccfcc0776e0fde75b5b3de2e35164c2d854f7dd80149e4b",
            "version": "==4.3.4"
        },
        "django": {
            "hash": "sha256:0120b3b60760fb0617848b58aaa9702c0bf963320ed472f0879c5c55ab75b64a",
            "version": "==1.11"
        },
        "django-debug-toolbar": {
            "hash": "sha256:bd929113ae22d7553c3ae6a6cb6762e8453784972eca06fa396aca47d0b66874",
            "version": "==1.7"
        },
        "flake8": {
            "hash": "sha256:83905eadba99f73fbfe966598aaf1682b3eb6755d2263c5b33a4e8367d60b0d1",
            "version": "==3.3.0"
        },
        "isort": {
            "hash": "sha256:a0c38c1c5e4c70ea1141daa80c740372ad94351e92e9e07da1cd86ce65653dc4",
            "version": "==4.2.5"
        },
        "mccabe": {
            "hash": "sha256:ab8a6258860da4b6677da4bd2fe5dc2c659cff31b3ee4f7f5d64e79735b80d42",
            "version": "==0.6.1"
        },
        "mock": {
            "hash": "sha256:5ce3c71c5545b472da17b72268978914d0252980348636840bd34a00b5cc96c1",
            "version": "==2.0.0"
        },
        "packaging": {
            "hash": "sha256:99276dc6e3a7851f32027a68f1095cd3f77c148091b092ea867a351811cfe388",
            "version": "==16.8"
        },
        "pbr": {
            "hash": "sha256:86f0e548dfbdc1ad12559725a66b5e1ca0b2e0744940da1ec89991fd11a2b32b",
            "version": "==3.0.0"
        },
        "pluggy": {
            "hash": "sha256:d2766caddfbbc8ef641d47da556d2ae3056860ce4d553aa04009e42b76a09951",
            "version": "==0.4.0"
        },
        "py": {
            "hash": "sha256:81b5e37db3cc1052de438375605fb5d3b3e97f950f415f9143f04697c684d7eb",
            "version": "==1.4.33"
        },
        "pycodestyle": {
            "hash": "sha256:6c4245ade1edfad79c3446fadfc96b0de2759662dc29d07d80a6f27ad1ca6ba9",
            "version": "==2.3.1"
        },
        "pyflakes": {
            "hash": "sha256:cc5eadfb38041f8366128786b4ca12700ed05bbf1403d808e89d57d67a3875a7",
            "version": "==1.5.0"
        },
        "pyparsing": {
            "hash": "sha256:fee43f17a9c4087e7ed1605bd6df994c6173c1e977d7ade7b651292fab2bd010",
            "version": "==2.2.0"
        },
        "pytest": {
            "hash": "sha256:66f332ae62593b874a648b10a8cb106bfdacd2c6288ed7dec3713c3a808a6017",
            "version": "==3.0.7"
        },
        "pytest-cov": {
            "hash": "sha256:10e37e876f49ddec80d6c83a54b657157f1387ebc0f7755285f8c156130014a1",
            "version": "==2.4.0"
        },
        "pytest-django": {
            "hash": "sha256:00995c2999b884a38ae9cd30a8c00ed32b3d38c1041250ea84caf18085589662",
            "version": "==3.1.2"
        },
        "pytest-pythonpath": {
            "hash": "sha256:2d506b8d7dbc2535a16c888211b7319ad32b3e73444bd9dbb1dd19427a6c7414",
            "version": "==0.7.1"
        },
        "pytest-spec": {
            "hash": "sha256:3039ac431df097c169a6bc40e7501f884efff077cf470ffb855315ba89ee29e7",
            "version": "==1.1.0"
        },
        "pytest-sugar": {
            "hash": "sha256:439c7303ef6d008e7ce459c9b49d7175930a83798b968e3acdc7a99cc4133a43",
            "version": "==0.8.0"
        },
        "pytz": {
            "hash": "sha256:d1d6729c85acea5423671382868627129432fba9a89ecbb248d8d1c7a9f01c67",
            "version": "==2017.2"
        },
        "setuptools": {
            "hash": "sha256:19d753940f8cdbee7548da318f8b56159aead279ef811a6efc8b8a33d89c86a4",
            "version": "==35.0.2"
        },
        "six": {
            "hash": "sha256:0ff78c403d9bccf5a425a6d31a12aa6b47f1c21ca4dc2573a7e2f32a97335eb1",
            "version": "==1.10.0"
        },
        "sqlparse": {
            "hash": "sha256:740a023ef38ce11bbb99a9d143856f56ef4ec5b0d7a853f58c02c65b035114c4",
            "version": "==0.2.3"
        },
        "termcolor": {
            "hash": "sha256:1d6d69ce66211143803fbc56652b41d73b4a400a2891d7bf7a1cdf4c02de613b",
            "version": "==1.1.0"
        },
        "tox": {
            "hash": "sha256:0f37ea637ead4a5bbae91531b0bf8fd327c7152e20255e5960ee180598228d21",
            "version": "==2.7.0"
        },
        "virtualenv": {
            "hash": "sha256:39d88b533b422825d644087a21e78c45cf5af0ef7a99a1fc9fbb7b481e5c85b0",
            "version": "==15.1.0"
        }
    }
}